
Microsoft Visual Studio Solution File, Format Version 12.00
# Visual Studio Version 17
VisualStudioVersion = 17.4.33122.133
MinimumVisualStudioVersion = 10.0.40219.1
Project("{FAE04EC0-301F-11D3-BF4B-00C04F79EFBC}") = "TicTacToeClientSide", "TicTacToeClientSide\TicTacToeClientSide.csproj", "{FDB1001D-25DF-4F63-ACA2-A9540C97017F}"
EndProject
Global
	GlobalSection(SolutionConfigurationPlatforms) = preSolution
		Debug|Any CPU = Debug|Any CPU
		Release|Any CPU = Release|Any CPU
	EndGlobalSection
	GlobalSection(ProjectConfigurationPlatforms) = postSolution
		{FDB1001D-25DF-4F63-ACA2-A9540C97017F}.Debug|Any CPU.ActiveCfg = Debug|Any CPU
		{FDB1001D-25DF-4F63-ACA2-A9540C97017F}.Debug|Any CPU.Build.0 = Debug|Any CPU
		{FDB1001D-25DF-4F63-ACA2-A9540C97017F}.Release|Any CPU.ActiveCfg = Release|Any CPU
		{FDB1001D-25DF-4F63-ACA2-A9540C97017F}.Release|Any CPU.Build.0 = Release|Any CPU
	EndGlobalSection
	GlobalSection(SolutionProperties) = preSolution
		HideSolutionNode = FALSE
	EndGlobalSection
	GlobalSection(ExtensibilityGlobals) = postSolution
		SolutionGuid = {D615ED58-121B-42CD-9E22-BDE94F3C8F14}
	EndGlobalSection
EndGlobal
